
Microsoft Visual Studio Solution File, Format Version 12.00
# Visual Studio Version 17
VisualStudioVersion = 17.6.33723.286
MinimumVisualStudioVersion = 10.0.40219.1
Project("{8BC9CEB8-8B4A-11D0-8D11-00A0C91BC942}") = "GameLauncher", "GameLauncher\GameLauncher.vcxproj", "{CE2EE9E5-AE3F-45A5-A1B2-BED22A8D1AC2}"
EndProject
Global
	GlobalSection(SolutionConfigurationPlatforms) = preSolution
		Debug|x64 = Debug|x64
		Release|x64 = Release|x64
	EndGlobalSection
	GlobalSection(ProjectConfigurationPlatforms) = postSolution
		{CE2EE9E5-AE3F-45A5-A1B2-BED22A8D1AC2}.Debug|x64.ActiveCfg = Debug|x64
		{CE2EE9E5-AE3F-45A5-A1B2-BED22A8D1AC2}.Debug|x64.Build.0 = Debug|x64
		{CE2EE9E5-AE3F-45A5-A1B2-BED22A8D1AC2}.Release|x64.ActiveCfg = Release|x64
		{CE2EE9E5-AE3F-45A5-A1B2-BED22A8D1AC2}.Release|x64.Build.0 = Release|x64
	EndGlobalSection
	GlobalSection(SolutionProperties) = preSolution
		HideSolutionNode = FALSE
	EndGlobalSection
	GlobalSection(ExtensibilityGlobals) = postSolution
		SolutionGuid = {F42E9727-F0DE-4924-B7CB-F32ABCC7E7F2}
	EndGlobalSection
EndGlobal
